// !$*UTF8*$!
{
	archiveVersion = 1;
	classes = {
	};
	objectVersion = 56;
	objects = {

/* Begin PBXBuildFile section */
		36D81A4D2BCD9F4D00F16891 /* ComponentesApp.swift in Sources */ = {isa = PBXBuildFile; fileRef = 36D81A4C2BCD9F4D00F16891 /* ComponentesApp.swift */; };
		36D81A4F2BCD9F4D00F16891 /* ContentView.swift in Sources */ = {isa = PBXBuildFile; fileRef = 36D81A4E2BCD9F4D00F16891 /* ContentView.swift */; };
		36D81A512BCD9F5000F16891 /* Assets.xcassets in Resources */ = {isa = PBXBuildFile; fileRef = 36D81A502BCD9F5000F16891 /* Assets.xcassets */; };
		36D81A542BCD9F5000F16891 /* Preview Assets.xcassets in Resources */ = {isa = PBXBuildFile; fileRef = 36D81A532BCD9F5000F16891 /* Preview Assets.xcassets */; };
		36D81A5E2BCD9F5000F16891 /* ComponentesTests.swift in Sources */ = {isa = PBXBuildFile; fileRef = 36D81A5D2BCD9F5000F16891 /* ComponentesTests.swift */; };
		36D81A682BCD9F5000F16891 /* ComponentesUITests.swift in Sources */ = {isa = PBXBuildFile; fileRef = 36D81A672BCD9F5000F16891 /* ComponentesUITests.swift */; };
		36D81A6A2BCD9F5000F16891 /* ComponentesUITestsLaunchTests.swift in Sources */ = {isa = PBXBuildFile; fileRef = 36D81A692BCD9F5000F16891 /* ComponentesUITestsLaunchTests.swift */; };
		36D81A772BCDA30000F16891 /* StackView.swift in Sources */ = {isa = PBXBuildFile; fileRef = 36D81A762BCDA30000F16891 /* StackView.swift */; };
		36D81A792BCDA6EC00F16891 /* hstackView.swift in Sources */ = {isa = PBXBuildFile; fileRef = 36D81A782BCDA6EC00F16891 /* hstackView.swift */; };
		36D81A7B2BCDA87000F16891 /* ImagenView.swift in Sources */ = {isa = PBXBuildFile; fileRef = 36D81A7A2BCDA87000F16891 /* ImagenView.swift */; };
		36D81A7D2BCDABAE00F16891 /* Imagen02View.swift in Sources */ = {isa = PBXBuildFile; fileRef = 36D81A7C2BCDABAE00F16891 /* Imagen02View.swift */; };
		36D81A7F2BCDAEFF00F16891 /* botonView.swift in Sources */ = {isa = PBXBuildFile; fileRef = 36D81A7E2BCDAEFF00F16891 /* botonView.swift */; };
		36D81A812BCDB72200F16891 /* Lista01View.swift in Sources */ = {isa = PBXBuildFile; fileRef = 36D81A802BCDB72100F16891 /* Lista01View.swift */; };
		36D81A832BCDB78B00F16891 /* Lista02View.swift in Sources */ = {isa = PBXBuildFile; fileRef = 36D81A822BCDB78B00F16891 /* Lista02View.swift */; };
		36D81A852BCDB97000F16891 /* Lista03View.swift in Sources */ = {isa = PBXBuildFile; fileRef = 36D81A842BCDB97000F16891 /* Lista03View.swift */; };
		36D81A872BCDBAC000F16891 /* Lista04View.swift in Sources */ = {isa = PBXBuildFile; fileRef = 36D81A862BCDBAC000F16891 /* Lista04View.swift */; };
		36D81A892BCDBEF400F16891 /* tapView.swift in Sources */ = {isa = PBXBuildFile; fileRef = 36D81A882BCDBEF400F16891 /* tapView.swift */; };
		36D81A8B2BCDC00E00F16891 /* NavDetailView.swift in Sources */ = {isa = PBXBuildFile; fileRef = 36D81A8A2BCDC00E00F16891 /* NavDetailView.swift */; };
		36D81A8D2BCDC21900F16891 /* HeroDetailView.swift in Sources */ = {isa = PBXBuildFile; fileRef = 36D81A8C2BCDC21900F16891 /* HeroDetailView.swift */; };
		36D81A8F2BCDC35A00F16891 /* HeroRowView.swift in Sources */ = {isa = PBXBuildFile; fileRef = 36D81A8E2BCDC35A00F16891 /* HeroRowView.swift */; };
		36D81A912BCDC57000F16891 /* modaalsView.swift in Sources */ = {isa = PBXBuildFile; fileRef = 36D81A902BCDC57000F16891 /* modaalsView.swift */; };
		36D81A932BCDC97400F16891 /* FormView.swift in Sources */ = {isa = PBXBuildFile; fileRef = 36D81A922BCDC97400F16891 /* FormView.swift */; };
		36D81A952BCEEC6C00F16891 /* scrolView.swift in Sources */ = {isa = PBXBuildFile; fileRef = 36D81A942BCEEC6C00F16891 /* scrolView.swift */; };
		36D81A972BCEFB1A00F16891 /* gridView.swift in Sources */ = {isa = PBXBuildFile; fileRef = 36D81A962BCEFB1A00F16891 /* gridView.swift */; };
		36D81A992BCEFD5400F16891 /* tablesView.swift in Sources */ = {isa = PBXBuildFile; fileRef = 36D81A982BCEFD5400F16891 /* tablesView.swift */; };
/* End PBXBuildFile section */

/* Begin PBXContainerItemProxy section */
		36D81A5A2BCD9F5000F16891 /* PBXContainerItemProxy */ = {
			isa = PBXContainerItemProxy;
			containerPortal = 36D81A412BCD9F4D00F16891 /* Project object */;
			proxyType = 1;
			remoteGlobalIDString = 36D81A482BCD9F4D00F16891;
			remoteInfo = Componentes;
		};
		36D81A642BCD9F5000F16891 /* PBXContainerItemProxy */ = {
			isa = PBXContainerItemProxy;
			containerPortal = 36D81A412BCD9F4D00F16891 /* Project object */;
			proxyType = 1;
			remoteGlobalIDString = 36D81A482BCD9F4D00F16891;
			remoteInfo = Componentes;
		};
/* End PBXContainerItemProxy section */

/* Begin PBXFileReference section */
		36D81A492BCD9F4D00F16891 /* Componentes.app */ = {isa = PBXFileReference; explicitFileType = wrapper.application; includeInIndex = 0; path = Componentes.app; sourceTree = BUILT_PRODUCTS_DIR; };
		36D81A4C2BCD9F4D00F16891 /* ComponentesApp.swift */ = {isa = PBXFileReference; lastKnownFileType = sourcecode.swift; path = ComponentesApp.swift; sourceTree = "<group>"; };
		36D81A4E2BCD9F4D00F16891 /* ContentView.swift */ = {isa = PBXFileReference; lastKnownFileType = sourcecode.swift; path = ContentView.swift; sourceTree = "<group>"; };
		36D81A502BCD9F5000F16891 /* Assets.xcassets */ = {isa = PBXFileReference; lastKnownFileType = folder.assetcatalog; path = Assets.xcassets; sourceTree = "<group>"; };
		36D81A532BCD9F5000F16891 /* Preview Assets.xcassets */ = {isa = PBXFileReference; lastKnownFileType = folder.assetcatalog; path = "Preview Assets.xcassets"; sourceTree = "<group>"; };
		36D81A592BCD9F5000F16891 /* ComponentesTests.xctest */ = {isa = PBXFileReference; explicitFileType = wrapper.cfbundle; includeInIndex = 0; path = ComponentesTests.xctest; sourceTree = BUILT_PRODUCTS_DIR; };
		36D81A5D2BCD9F5000F16891 /* ComponentesTests.swift */ = {isa = PBXFileReference; lastKnownFileType = sourcecode.swift; path = ComponentesTests.swift; sourceTree = "<group>"; };
		36D81A632BCD9F5000F16891 /* ComponentesUITests.xctest */ = {isa = PBXFileReference; explicitFileType = wrapper.cfbundle; includeInIndex = 0; path = ComponentesUITests.xctest; sourceTree = BUILT_PRODUCTS_DIR; };
		36D81A672BCD9F5000F16891 /* ComponentesUITests.swift */ = {isa = PBXFileReference; lastKnownFileType = sourcecode.swift; path = ComponentesUITests.swift; sourceTree = "<group>"; };
		36D81A692BCD9F5000F16891 /* ComponentesUITestsLaunchTests.swift */ = {isa = PBXFileReference; lastKnownFileType = sourcecode.swift; path = ComponentesUITestsLaunchTests.swift; sourceTree = "<group>"; };
		36D81A762BCDA30000F16891 /* StackView.swift */ = {isa = PBXFileReference; lastKnownFileType = sourcecode.swift; path = StackView.swift; sourceTree = "<group>"; };
		36D81A782BCDA6EC00F16891 /* hstackView.swift */ = {isa = PBXFileReference; lastKnownFileType = sourcecode.swift; path = hstackView.swift; sourceTree = "<group>"; };
		36D81A7A2BCDA87000F16891 /* ImagenView.swift */ = {isa = PBXFileReference; lastKnownFileType = sourcecode.swift; path = ImagenView.swift; sourceTree = "<group>"; };
		36D81A7C2BCDABAE00F16891 /* Imagen02View.swift */ = {isa = PBXFileReference; lastKnownFileType = sourcecode.swift; path = Imagen02View.swift; sourceTree = "<group>"; };
		36D81A7E2BCDAEFF00F16891 /* botonView.swift */ = {isa = PBXFileReference; lastKnownFileType = sourcecode.swift; path = botonView.swift; sourceTree = "<group>"; };
		36D81A802BCDB72100F16891 /* Lista01View.swift */ = {isa = PBXFileReference; lastKnownFileType = sourcecode.swift; path = Lista01View.swift; sourceTree = "<group>"; };
		36D81A822BCDB78B00F16891 /* Lista02View.swift */ = {isa = PBXFileReference; lastKnownFileType = sourcecode.swift; path = Lista02View.swift; sourceTree = "<group>"; };
		36D81A842BCDB97000F16891 /* Lista03View.swift */ = {isa = PBXFileReference; lastKnownFileType = sourcecode.swift; path = Lista03View.swift; sourceTree = "<group>"; };
		36D81A862BCDBAC000F16891 /* Lista04View.swift */ = {isa = PBXFileReference; lastKnownFileType = sourcecode.swift; path = Lista04View.swift; sourceTree = "<group>"; };
		36D81A882BCDBEF400F16891 /* tapView.swift */ = {isa = PBXFileReference; lastKnownFileType = sourcecode.swift; path = tapView.swift; sourceTree = "<group>"; };
		36D81A8A2BCDC00E00F16891 /* NavDetailView.swift */ = {isa = PBXFileReference; lastKnownFileType = sourcecode.swift; path = NavDetailView.swift; sourceTree = "<group>"; };
		36D81A8C2BCDC21900F16891 /* HeroDetailView.swift */ = {isa = PBXFileReference; lastKnownFileType = sourcecode.swift; path = HeroDetailView.swift; sourceTree = "<group>"; };
		36D81A8E2BCDC35A00F16891 /* HeroRowView.swift */ = {isa = PBXFileReference; lastKnownFileType = sourcecode.swift; path = HeroRowView.swift; sourceTree = "<group>"; };
		36D81A902BCDC57000F16891 /* modaalsView.swift */ = {isa = PBXFileReference; lastKnownFileType = sourcecode.swift; path = modaalsView.swift; sourceTree = "<group>"; };
		36D81A922BCDC97400F16891 /* FormView.swift */ = {isa = PBXFileReference; lastKnownFileType = sourcecode.swift; path = FormView.swift; sourceTree = "<group>"; };
		36D81A942BCEEC6C00F16891 /* scrolView.swift */ = {isa = PBXFileReference; lastKnownFileType = sourcecode.swift; path = scrolView.swift; sourceTree = "<group>"; };
		36D81A962BCEFB1A00F16891 /* gridView.swift */ = {isa = PBXFileReference; lastKnownFileType = sourcecode.swift; path = gridView.swift; sourceTree = "<group>"; };
		36D81A982BCEFD5400F16891 /* tablesView.swift */ = {isa = PBXFileReference; lastKnownFileType = sourcecode.swift; path = tablesView.swift; sourceTree = "<group>"; };
/* End PBXFileReference section */

/* Begin PBXFrameworksBuildPhase section */
		36D81A462BCD9F4D00F16891 /* Frameworks */ = {
			isa = PBXFrameworksBuildPhase;
			buildActionMask = 2147483647;
			files = (
			);
			runOnlyForDeploymentPostprocessing = 0;
		};
		36D81A562BCD9F5000F16891 /* Frameworks */ = {
			isa = PBXFrameworksBuildPhase;
			buildActionMask = 2147483647;
			files = (
			);
			runOnlyForDeploymentPostprocessing = 0;
		};
		36D81A602BCD9F5000F16891 /* Frameworks */ = {
			isa = PBXFrameworksBuildPhase;
			buildActionMask = 2147483647;
			files = (
			);
			runOnlyForDeploymentPostprocessing = 0;
		};
/* End PBXFrameworksBuildPhase section */

/* Begin PBXGroup section */
		36D81A402BCD9F4D00F16891 = {
			isa = PBXGroup;
			children = (
				36D81A4B2BCD9F4D00F16891 /* Componentes */,
				36D81A5C2BCD9F5000F16891 /* ComponentesTests */,
				36D81A662BCD9F5000F16891 /* ComponentesUITests */,
				36D81A4A2BCD9F4D00F16891 /* Products */,
			);
			sourceTree = "<group>";
		};
		36D81A4A2BCD9F4D00F16891 /* Products */ = {
			isa = PBXGroup;
			children = (
				36D81A492BCD9F4D00F16891 /* Componentes.app */,
				36D81A592BCD9F5000F16891 /* ComponentesTests.xctest */,
				36D81A632BCD9F5000F16891 /* ComponentesUITests.xctest */,
			);
			name = Products;
			sourceTree = "<group>";
		};
		36D81A4B2BCD9F4D00F16891 /* Componentes */ = {
			isa = PBXGroup;
			children = (
				36D81A762BCDA30000F16891 /* StackView.swift */,
				36D81A7E2BCDAEFF00F16891 /* botonView.swift */,
				36D81A782BCDA6EC00F16891 /* hstackView.swift */,
				36D81A7A2BCDA87000F16891 /* ImagenView.swift */,
				36D81A7C2BCDABAE00F16891 /* Imagen02View.swift */,
				36D81A4C2BCD9F4D00F16891 /* ComponentesApp.swift */,
				36D81A4E2BCD9F4D00F16891 /* ContentView.swift */,
				36D81A502BCD9F5000F16891 /* Assets.xcassets */,
				36D81A522BCD9F5000F16891 /* Preview Content */,
				36D81A802BCDB72100F16891 /* Lista01View.swift */,
				36D81A822BCDB78B00F16891 /* Lista02View.swift */,
				36D81A842BCDB97000F16891 /* Lista03View.swift */,
				36D81A862BCDBAC000F16891 /* Lista04View.swift */,
				36D81A882BCDBEF400F16891 /* tapView.swift */,
				36D81A8A2BCDC00E00F16891 /* NavDetailView.swift */,
				36D81A8C2BCDC21900F16891 /* HeroDetailView.swift */,
				36D81A8E2BCDC35A00F16891 /* HeroRowView.swift */,
				36D81A902BCDC57000F16891 /* modaalsView.swift */,
				36D81A922BCDC97400F16891 /* FormView.swift */,
				36D81A942BCEEC6C00F16891 /* scrolView.swift */,
				36D81A962BCEFB1A00F16891 /* gridView.swift */,
				36D81A982BCEFD5400F16891 /* tablesView.swift */,
			);
			path = Componentes;
			sourceTree = "<group>";
		};
		36D81A522BCD9F5000F16891 /* Preview Content */ = {
			isa = PBXGroup;
			children = (
				36D81A532BCD9F5000F16891 /* Preview Assets.xcassets */,
			);
			path = "Preview Content";
			sourceTree = "<group>";
		};
		36D81A5C2BCD9F5000F16891 /* ComponentesTests */ = {
			isa = PBXGroup;
			children = (
				36D81A5D2BCD9F5000F16891 /* ComponentesTests.swift */,
			);
			path = ComponentesTests;
			sourceTree = "<group>";
		};
		36D81A662BCD9F5000F16891 /* ComponentesUITests */ = {
			isa = PBXGroup;
			children = (
				36D81A672BCD9F5000F16891 /* ComponentesUITests.swift */,
				36D81A692BCD9F5000F16891 /* ComponentesUITestsLaunchTests.swift */,
			);
			path = ComponentesUITests;
			sourceTree = "<group>";
		};
/* End PBXGroup section */

/* Begin PBXNativeTarget section */
		36D81A482BCD9F4D00F16891 /* Componentes */ = {
			isa = PBXNativeTarget;
			buildConfigurationList = 36D81A6D2BCD9F5000F16891 /* Build configuration list for PBXNativeTarget "Componentes" */;
			buildPhases = (
				36D81A452BCD9F4D00F16891 /* Sources */,
				36D81A462BCD9F4D00F16891 /* Frameworks */,
				36D81A472BCD9F4D00F16891 /* Resources */,
			);
			buildRules = (
			);
			dependencies = (
			);
			name = Componentes;
			productName = Componentes;
			productReference = 36D81A492BCD9F4D00F16891 /* Componentes.app */;
			productType = "com.apple.product-type.application";
		};
		36D81A582BCD9F5000F16891 /* ComponentesTests */ = {
			isa = PBXNativeTarget;
			buildConfigurationList = 36D81A702BCD9F5000F16891 /* Build configuration list for PBXNativeTarget "ComponentesTests" */;
			buildPhases = (
				36D81A552BCD9F5000F16891 /* Sources */,
				36D81A562BCD9F5000F16891 /* Frameworks */,
				36D81A572BCD9F5000F16891 /* Resources */,
			);
			buildRules = (
			);
			dependencies = (
				36D81A5B2BCD9F5000F16891 /* PBXTargetDependency */,
			);
			name = ComponentesTests;
			productName = ComponentesTests;
			productReference = 36D81A592BCD9F5000F16891 /* ComponentesTests.xctest */;
			productType = "com.apple.product-type.bundle.unit-test";
		};
		36D81A622BCD9F5000F16891 /* ComponentesUITests */ = {
			isa = PBXNativeTarget;
			buildConfigurationList = 36D81A732BCD9F5000F16891 /* Build configuration list for PBXNativeTarget "ComponentesUITests" */;
			buildPhases = (
				36D81A5F2BCD9F5000F16891 /* Sources */,
				36D81A602BCD9F5000F16891 /* Frameworks */,
				36D81A612BCD9F5000F16891 /* Resources */,
			);
			buildRules = (
			);
			dependencies = (
				36D81A652BCD9F5000F16891 /* PBXTargetDependency */,
			);
			name = ComponentesUITests;
			productName = ComponentesUITests;
			productReference = 36D81A632BCD9F5000F16891 /* ComponentesUITests.xctest */;
			productType = "com.apple.product-type.bundle.ui-testing";
		};
/* End PBXNativeTarget section */

/* Begin PBXProject section */
		36D81A412BCD9F4D00F16891 /* Project object */ = {
			isa = PBXProject;
			attributes = {
				BuildIndependentTargetsInParallel = 1;
				LastSwiftUpdateCheck = 1530;
				LastUpgradeCheck = 1530;
				TargetAttributes = {
					36D81A482BCD9F4D00F16891 = {
						CreatedOnToolsVersion = 15.3;
					};
					36D81A582BCD9F5000F16891 = {
						CreatedOnToolsVersion = 15.3;
						TestTargetID = 36D81A482BCD9F4D00F16891;
					};
					36D81A622BCD9F5000F16891 = {
						CreatedOnToolsVersion = 15.3;
						TestTargetID = 36D81A482BCD9F4D00F16891;
					};
				};
			};
			buildConfigurationList = 36D81A442BCD9F4D00F16891 /* Build configuration list for PBXProject "Componentes" */;
			compatibilityVersion = "Xcode 14.0";
			developmentRegion = en;
			hasScannedForEncodings = 0;
			knownRegions = (
				en,
				Base,
			);
			mainGroup = 36D81A402BCD9F4D00F16891;
			productRefGroup = 36D81A4A2BCD9F4D00F16891 /* Products */;
			projectDirPath = "";
			projectRoot = "";
			targets = (
				36D81A482BCD9F4D00F16891 /* Componentes */,
				36D81A582BCD9F5000F16891 /* ComponentesTests */,
				36D81A622BCD9F5000F16891 /* ComponentesUITests */,
			);
		};
/* End PBXProject section */

/* Begin PBXResourcesBuildPhase section */
		36D81A472BCD9F4D00F16891 /* Resources */ = {
			isa = PBXResourcesBuildPhase;
			buildActionMask = 2147483647;
			files = (
				36D81A542BCD9F5000F16891 /* Preview Assets.xcassets in Resources */,
				36D81A512BCD9F5000F16891 /* Assets.xcassets in Resources */,
			);
			runOnlyForDeploymentPostprocessing = 0;
		};
		36D81A572BCD9F5000F16891 /* Resources */ = {
			isa = PBXResourcesBuildPhase;
			buildActionMask = 2147483647;
			files = (
			);
			runOnlyForDeploymentPostprocessing = 0;
		};
		36D81A612BCD9F5000F16891 /* Resources */ = {
			isa = PBXResourcesBuildPhase;
			buildActionMask = 2147483647;
			files = (
			);
			runOnlyForDeploymentPostprocessing = 0;
		};
/* End PBXResourcesBuildPhase section */

/* Begin PBXSourcesBuildPhase section */
		36D81A452BCD9F4D00F16891 /* Sources */ = {
			isa = PBXSourcesBuildPhase;
			buildActionMask = 2147483647;
			files = (
				36D81A792BCDA6EC00F16891 /* hstackView.swift in Sources */,
				36D81A7B2BCDA87000F16891 /* ImagenView.swift in Sources */,
				36D81A8B2BCDC00E00F16891 /* NavDetailView.swift in Sources */,
				36D81A7F2BCDAEFF00F16891 /* botonView.swift in Sources */,
				36D81A952BCEEC6C00F16891 /* scrolView.swift in Sources */,
				36D81A852BCDB97000F16891 /* Lista03View.swift in Sources */,
				36D81A892BCDBEF400F16891 /* tapView.swift in Sources */,
				36D81A4F2BCD9F4D00F16891 /* ContentView.swift in Sources */,
				36D81A872BCDBAC000F16891 /* Lista04View.swift in Sources */,
				36D81A912BCDC57000F16891 /* modaalsView.swift in Sources */,
				36D81A4D2BCD9F4D00F16891 /* ComponentesApp.swift in Sources */,
				36D81A8D2BCDC21900F16891 /* HeroDetailView.swift in Sources */,
				36D81A8F2BCDC35A00F16891 /* HeroRowView.swift in Sources */,
				36D81A992BCEFD5400F16891 /* tablesView.swift in Sources */,
				36D81A832BCDB78B00F16891 /* Lista02View.swift in Sources */,
				36D81A812BCDB72200F16891 /* Lista01View.swift in Sources */,
				36D81A772BCDA30000F16891 /* StackView.swift in Sources */,
				36D81A932BCDC97400F16891 /* FormView.swift in Sources */,
				36D81A7D2BCDABAE00F16891 /* Imagen02View.swift in Sources */,
				36D81A972BCEFB1A00F16891 /* gridView.swift in Sources */,
			);
			runOnlyForDeploymentPostprocessing = 0;
		};
		36D81A552BCD9F5000F16891 /* Sources */ = {
			isa = PBXSourcesBuildPhase;
			buildActionMask = 2147483647;
			files = (
				36D81A5E2BCD9F5000F16891 /* ComponentesTests.swift in Sources */,
			);
			runOnlyForDeploymentPostprocessing = 0;
		};
		36D81A5F2BCD9F5000F16891 /* Sources */ = {
			isa = PBXSourcesBuildPhase;
			buildActionMask = 2147483647;
			files = (
				36D81A6A2BCD9F5000F16891 /* ComponentesUITestsLaunchTests.swift in Sources */,
				36D81A682BCD9F5000F16891 /* ComponentesUITests.swift in Sources */,
			);
			runOnlyForDeploymentPostprocessing = 0;
		};
/* End PBXSourcesBuildPhase section */

/* Begin PBXTargetDependency section */
		36D81A5B2BCD9F5000F16891 /* PBXTargetDependency */ = {
			isa = PBXTargetDependency;
			target = 36D81A482BCD9F4D00F16891 /* Componentes */;
			targetProxy = 36D81A5A2BCD9F5000F16891 /* PBXContainerItemProxy */;
		};
		36D81A652BCD9F5000F16891 /* PBXTargetDependency */ = {
			isa = PBXTargetDependency;
			target = 36D81A482BCD9F4D00F16891 /* Componentes */;
			targetProxy = 36D81A642BCD9F5000F16891 /* PBXContainerItemProxy */;
		};
/* End PBXTargetDependency section */

/* Begin XCBuildConfiguration section */
		36D81A6B2BCD9F5000F16891 /* Debug */ = {
			isa = XCBuildConfiguration;
			buildSettings = {
				ALWAYS_SEARCH_USER_PATHS = NO;
				ASSETCATALOG_COMPILER_GENERATE_SWIFT_ASSET_SYMBOL_EXTENSIONS = YES;
				CLANG_ANALYZER_NONNULL = YES;
				CLANG_ANALYZER_NUMBER_OBJECT_CONVERSION = YES_AGGRESSIVE;
				CLANG_CXX_LANGUAGE_STANDARD = "gnu++20";
				CLANG_ENABLE_MODULES = YES;
				CLANG_ENABLE_OBJC_ARC = YES;
				CLANG_ENABLE_OBJC_WEAK = YES;
				CLANG_WARN_BLOCK_CAPTURE_AUTORELEASING = YES;
				CLANG_WARN_BOOL_CONVERSION = YES;
				CLANG_WARN_COMMA = YES;
				CLANG_WARN_CONSTANT_CONVERSION = YES;
				CLANG_WARN_DEPRECATED_OBJC_IMPLEMENTATIONS = YES;
				CLANG_WARN_DIRECT_OBJC_ISA_USAGE = YES_ERROR;
				CLANG_WARN_DOCUMENTATION_COMMENTS = YES;
				CLANG_WARN_EMPTY_BODY = YES;
				CLANG_WARN_ENUM_CONVERSION = YES;
				CLANG_WARN_INFINITE_RECURSION = YES;
				CLANG_WARN_INT_CONVERSION = YES;
				CLANG_WARN_NON_LITERAL_NULL_CONVERSION = YES;
				CLANG_WARN_OBJC_IMPLICIT_RETAIN_SELF = YES;
				CLANG_WARN_OBJC_LITERAL_CONVERSION = YES;
				CLANG_WARN_OBJC_ROOT_CLASS = YES_ERROR;
				CLANG_WARN_QUOTED_INCLUDE_IN_FRAMEWORK_HEADER = YES;
				CLANG_WARN_RANGE_LOOP_ANALYSIS = YES;
				CLANG_WARN_STRICT_PROTOTYPES = YES;
				CLANG_WARN_SUSPICIOUS_MOVE = YES;
				CLANG_WARN_UNGUARDED_AVAILABILITY = YES_AGGRESSIVE;
				CLANG_WARN_UNREACHABLE_CODE = YES;
				CLANG_WARN__DUPLICATE_METHOD_MATCH = YES;
				COPY_PHASE_STRIP = NO;
				DEBUG_INFORMATION_FORMAT = dwarf;
				ENABLE_STRICT_OBJC_MSGSEND = YES;
				ENABLE_TESTABILITY = YES;
				ENABLE_USER_SCRIPT_SANDBOXING = YES;
				GCC_C_LANGUAGE_STANDARD = gnu17;
				GCC_DYNAMIC_NO_PIC = NO;
				GCC_NO_COMMON_BLOCKS = YES;
				GCC_OPTIMIZATION_LEVEL = 0;
				GCC_PREPROCESSOR_DEFINITIONS = (
					"DEBUG=1",
					"$(inherited)",
				);
				GCC_WARN_64_TO_32_BIT_CONVERSION = YES;
				GCC_WARN_ABOUT_RETURN_TYPE = YES_ERROR;
				GCC_WARN_UNDECLARED_SELECTOR = YES;
				GCC_WARN_UNINITIALIZED_AUTOS = YES_AGGRESSIVE;
				GCC_WARN_UNUSED_FUNCTION = YES;
				GCC_WARN_UNUSED_VARIABLE = YES;
				IPHONEOS_DEPLOYMENT_TARGET = 17.4;
				LOCALIZATION_PREFERS_STRING_CATALOGS = YES;
				MTL_ENABLE_DEBUG_INFO = INCLUDE_SOURCE;
				MTL_FAST_MATH = YES;
				ONLY_ACTIVE_ARCH = YES;
				SDKROOT = iphoneos;
				SWIFT_ACTIVE_COMPILATION_CONDITIONS = "DEBUG $(inherited)";
				SWIFT_OPTIMIZATION_LEVEL = "-Onone";
			};
			name = Debug;
		};
		36D81A6C2BCD9F5000F16891 /* Release */ = {
			isa = XCBuildConfiguration;
			buildSettings = {
				ALWAYS_SEARCH_USER_PATHS = NO;
				ASSETCATALOG_COMPILER_GENERATE_SWIFT_ASSET_SYMBOL_EXTENSIONS = YES;
				CLANG_ANALYZER_NONNULL = YES;
				CLANG_ANALYZER_NUMBER_OBJECT_CONVERSION = YES_AGGRESSIVE;
				CLANG_CXX_LANGUAGE_STANDARD = "gnu++20";
				CLANG_ENABLE_MODULES = YES;
				CLANG_ENABLE_OBJC_ARC = YES;
				CLANG_ENABLE_OBJC_WEAK = YES;
				CLANG_WARN_BLOCK_CAPTURE_AUTORELEASING = YES;
				CLANG_WARN_BOOL_CONVERSION = YES;
				CLANG_WARN_COMMA = YES;
				CLANG_WARN_CONSTANT_CONVERSION = YES;
				CLANG_WARN_DEPRECATED_OBJC_IMPLEMENTATIONS = YES;
				CLANG_WARN_DIRECT_OBJC_ISA_USAGE = YES_ERROR;
				CLANG_WARN_DOCUMENTATION_COMMENTS = YES;
				CLANG_WARN_EMPTY_BODY = YES;
				CLANG_WARN_ENUM_CONVERSION = YES;
				CLANG_WARN_INFINITE_RECURSION = YES;
				CLANG_WARN_INT_CONVERSION = YES;
				CLANG_WARN_NON_LITERAL_NULL_CONVERSION = YES;
				CLANG_WARN_OBJC_IMPLICIT_RETAIN_SELF = YES;
				CLANG_WARN_OBJC_LITERAL_CONVERSION = YES;
				CLANG_WARN_OBJC_ROOT_CLASS = YES_ERROR;
				CLANG_WARN_QUOTED_INCLUDE_IN_FRAMEWORK_HEADER = YES;
				CLANG_WARN_RANGE_LOOP_ANALYSIS = YES;
				CLANG_WARN_STRICT_PROTOTYPES = YES;
				CLANG_WARN_SUSPICIOUS_MOVE = YES;
				CLANG_WARN_UNGUARDED_AVAILABILITY = YES_AGGRESSIVE;
				CLANG_WARN_UNREACHABLE_CODE = YES;
				CLANG_WARN__DUPLICATE_METHOD_MATCH = YES;
				COPY_PHASE_STRIP = NO;
				DEBUG_INFORMATION_FORMAT = "dwarf-with-dsym";
				ENABLE_NS_ASSERTIONS = NO;
				ENABLE_STRICT_OBJC_MSGSEND = YES;
				ENABLE_USER_SCRIPT_SANDBOXING = YES;
				GCC_C_LANGUAGE_STANDARD = gnu17;
				GCC_NO_COMMON_BLOCKS = YES;
				GCC_WARN_64_TO_32_BIT_CONVERSION = YES;
				GCC_WARN_ABOUT_RETURN_TYPE = YES_ERROR;
				GCC_WARN_UNDECLARED_SELECTOR = YES;
				GCC_WARN_UNINITIALIZED_AUTOS = YES_AGGRESSIVE;
				GCC_WARN_UNUSED_FUNCTION = YES;
				GCC_WARN_UNUSED_VARIABLE = YES;
				IPHONEOS_DEPLOYMENT_TARGET = 17.4;
				LOCALIZATION_PREFERS_STRING_CATALOGS = YES;
				MTL_ENABLE_DEBUG_INFO = NO;
				MTL_FAST_MATH = YES;
				SDKROOT = iphoneos;
				SWIFT_COMPILATION_MODE = wholemodule;
				VALIDATE_PRODUCT = YES;
			};
			name = Release;
		};
		36D81A6E2BCD9F5000F16891 /* Debug */ = {
			isa = XCBuildConfiguration;
			buildSettings = {
				ASSETCATALOG_COMPILER_APPICON_NAME = AppIcon;
				ASSETCATALOG_COMPILER_GLOBAL_ACCENT_COLOR_NAME = AccentColor;
				CODE_SIGN_STYLE = Automatic;
				CURRENT_PROJECT_VERSION = 1;
				DEVELOPMENT_ASSET_PATHS = "\"Componentes/Preview Content\"";
				DEVELOPMENT_TEAM = HS49USZ4GG;
				ENABLE_PREVIEWS = YES;
				GENERATE_INFOPLIST_FILE = YES;
				INFOPLIST_KEY_UIApplicationSceneManifest_Generation = YES;
				INFOPLIST_KEY_UIApplicationSupportsIndirectInputEvents = YES;
				INFOPLIST_KEY_UILaunchScreen_Generation = YES;
				INFOPLIST_KEY_UISupportedInterfaceOrientations_iPad = "UIInterfaceOrientationPortrait UIInterfaceOrientationPortraitUpsideDown UIInterfaceOrientationLandscapeLeft UIInterfaceOrientationLandscapeRight";
				INFOPLIST_KEY_UISupportedInterfaceOrientations_iPhone = "UIInterfaceOrientationPortrait UIInterfaceOrientationLandscapeLeft UIInterfaceOrientationLandscapeRight";
				LD_RUNPATH_SEARCH_PATHS = (
					"$(inherited)",
					"@executable_path/Frameworks",
				);
				MARKETING_VERSION = 1.0;
				PRODUCT_BUNDLE_IDENTIFIER = io.keepcoding.Componentes;
				PRODUCT_NAME = "$(TARGET_NAME)";
				SWIFT_EMIT_LOC_STRINGS = YES;
				SWIFT_VERSION = 5.0;
				TARGETED_DEVICE_FAMILY = "1,2";
			};
			name = Debug;
		};
		36D81A6F2BCD9F5000F16891 /* Release */ = {
			isa = XCBuildConfiguration;
			buildSettings = {
				ASSETCATALOG_COMPILER_APPICON_NAME = AppIcon;
				ASSETCATALOG_COMPILER_GLOBAL_ACCENT_COLOR_NAME = AccentColor;
				CODE_SIGN_STYLE = Automatic;
				CURRENT_PROJECT_VERSION = 1;
				DEVELOPMENT_ASSET_PATHS = "\"Componentes/Preview Content\"";
				DEVELOPMENT_TEAM = HS49USZ4GG;
				ENABLE_PREVIEWS = YES;
				GENERATE_INFOPLIST_FILE = YES;
				INFOPLIST_KEY_UIApplicationSceneManifest_Generation = YES;
				INFOPLIST_KEY_UIApplicationSupportsIndirectInputEvents = YES;
				INFOPLIST_KEY_UILaunchScreen_Generation = YES;
				INFOPLIST_KEY_UISupportedInterfaceOrientations_iPad = "UIInterfaceOrientationPortrait UIInterfaceOrientationPortraitUpsideDown UIInterfaceOrientationLandscapeLeft UIInterfaceOrientationLandscapeRight";
				INFOPLIST_KEY_UISupportedInterfaceOrientations_iPhone = "UIInterfaceOrientationPortrait UIInterfaceOrientationLandscapeLeft UIInterfaceOrientationLandscapeRight";
				LD_RUNPATH_SEARCH_PATHS = (
					"$(inherited)",
					"@executable_path/Frameworks",
				);
				MARKETING_VERSION = 1.0;
				PRODUCT_BUNDLE_IDENTIFIER = io.keepcoding.Componentes;
				PRODUCT_NAME = "$(TARGET_NAME)";
				SWIFT_EMIT_LOC_STRINGS = YES;
				SWIFT_VERSION = 5.0;
				TARGETED_DEVICE_FAMILY = "1,2";
			};
			name = Release;
		};
		36D81A712BCD9F5000F16891 /* Debug */ = {
			isa = XCBuildConfiguration;
			buildSettings = {
				ALWAYS_EMBED_SWIFT_STANDARD_LIBRARIES = YES;
				BUNDLE_LOADER = "$(TEST_HOST)";
				CODE_SIGN_STYLE = Automatic;
				CURRENT_PROJECT_VERSION = 1;
				DEVELOPMENT_TEAM = HS49USZ4GG;
				GENERATE_INFOPLIST_FILE = YES;
				IPHONEOS_DEPLOYMENT_TARGET = 17.4;
				MARKETING_VERSION = 1.0;
				PRODUCT_BUNDLE_IDENTIFIER = io.keepcoding.ComponentesTests;
				PRODUCT_NAME = "$(TARGET_NAME)";
				SWIFT_EMIT_LOC_STRINGS = NO;
				SWIFT_VERSION = 5.0;
				TARGETED_DEVICE_FAMILY = "1,2";
				TEST_HOST = "$(BUILT_PRODUCTS_DIR)/Componentes.app/$(BUNDLE_EXECUTABLE_FOLDER_PATH)/Componentes";
			};
			name = Debug;
		};
		36D81A722BCD9F5000F16891 /* Release */ = {
			isa = XCBuildConfiguration;
			buildSettings = {
				ALWAYS_EMBED_SWIFT_STANDARD_LIBRARIES = YES;
				BUNDLE_LOADER = "$(TEST_HOST)";
				CODE_SIGN_STYLE = Automatic;
				CURRENT_PROJECT_VERSION = 1;
				DEVELOPMENT_TEAM = HS49USZ4GG;
				GENERATE_INFOPLIST_FILE = YES;
				IPHONEOS_DEPLOYMENT_TARGET = 17.4;
				MARKETING_VERSION = 1.0;
				PRODUCT_BUNDLE_IDENTIFIER = io.keepcoding.ComponentesTests;
				PRODUCT_NAME = "$(TARGET_NAME)";
				SWIFT_EMIT_LOC_STRINGS = NO;
				SWIFT_VERSION = 5.0;
				TARGETED_DEVICE_FAMILY = "1,2";
				TEST_HOST = "$(BUILT_PRODUCTS_DIR)/Componentes.app/$(BUNDLE_EXECUTABLE_FOLDER_PATH)/Componentes";
			};
			name = Release;
		};
		36D81A742BCD9F5000F16891 /* Debug */ = {
			isa = XCBuildConfiguration;
			buildSettings = {
				ALWAYS_EMBED_SWIFT_STANDARD_LIBRARIES = YES;
				CODE_SIGN_STYLE = Automatic;
				CURRENT_PROJECT_VERSION = 1;
				DEVELOPMENT_TEAM = HS49USZ4GG;
				GENERATE_INFOPLIST_FILE = YES;
				MARKETING_VERSION = 1.0;
				PRODUCT_BUNDLE_IDENTIFIER = io.keepcoding.ComponentesUITests;
				PRODUCT_NAME = "$(TARGET_NAME)";
				SWIFT_EMIT_LOC_STRINGS = NO;
				SWIFT_VERSION = 5.0;
				TARGETED_DEVICE_FAMILY = "1,2";
				TEST_TARGET_NAME = Componentes;
			};
			name = Debug;
		};
		36D81A752BCD9F5000F16891 /* Release */ = {
			isa = XCBuildConfiguration;
			buildSettings = {
				ALWAYS_EMBED_SWIFT_STANDARD_LIBRARIES = YES;
				CODE_SIGN_STYLE = Automatic;
				CURRENT_PROJECT_VERSION = 1;
				DEVELOPMENT_TEAM = HS49USZ4GG;
				GENERATE_INFOPLIST_FILE = YES;
				MARKETING_VERSION = 1.0;
				PRODUCT_BUNDLE_IDENTIFIER = io.keepcoding.ComponentesUITests;
				PRODUCT_NAME = "$(TARGET_NAME)";
				SWIFT_EMIT_LOC_STRINGS = NO;
				SWIFT_VERSION = 5.0;
				TARGETED_DEVICE_FAMILY = "1,2";
				TEST_TARGET_NAME = Componentes;
			};
			name = Release;
		};
/* End XCBuildConfiguration section */

/* Begin XCConfigurationList section */
		36D81A442BCD9F4D00F16891 /* Build configuration list for PBXProject "Componentes" */ = {
			isa = XCConfigurationList;
			buildConfigurations = (
				36D81A6B2BCD9F5000F16891 /* Debug */,
				36D81A6C2BCD9F5000F16891 /* Release */,
			);
			defaultConfigurationIsVisible = 0;
			defaultConfigurationName = Release;
		};
		36D81A6D2BCD9F5000F16891 /* Build configuration list for PBXNativeTarget "Componentes" */ = {
			isa = XCConfigurationList;
			buildConfigurations = (
				36D81A6E2BCD9F5000F16891 /* Debug */,
				36D81A6F2BCD9F5000F16891 /* Release */,
			);
			defaultConfigurationIsVisible = 0;
			defaultConfigurationName = Release;
		};
		36D81A702BCD9F5000F16891 /* Build configuration list for PBXNativeTarget "ComponentesTests" */ = {
			isa = XCConfigurationList;
			buildConfigurations = (
				36D81A712BCD9F5000F16891 /* Debug */,
				36D81A722BCD9F5000F16891 /* Release */,
			);
			defaultConfigurationIsVisible = 0;
			defaultConfigurationName = Release;
		};
		36D81A732BCD9F5000F16891 /* Build configuration list for PBXNativeTarget "ComponentesUITests" */ = {
			isa = XCConfigurationList;
			buildConfigurations = (
				36D81A742BCD9F5000F16891 /* Debug */,
				36D81A752BCD9F5000F16891 /* Release */,
			);
			defaultConfigurationIsVisible = 0;
			defaultConfigurationName = Release;
		};
/* End XCConfigurationList section */
	};
	rootObject = 36D81A412BCD9F4D00F16891 /* Project object */;
}
